
Microsoft Visual Studio Solution File, Format Version 12.00
# Visual Studio Version 17
VisualStudioVersion = 17.3.32825.248
MinimumVisualStudioVersion = 10.0.40219.1
Project("{FAE04EC0-301F-11D3-BF4B-00C04F79EFBC}") = "BlazingTrails.Client", "BlazingTrails.Client\BlazingTrails.Client.csproj", "{41FAADEF-8C1F-43CF-90C2-9771D44EFEA6}"
EndProject
Global
	GlobalSection(SolutionConfigurationPlatforms) = preSolution
		Debug|Any CPU = Debug|Any CPU
		Release|Any CPU = Release|Any CPU
	EndGlobalSection
	GlobalSection(ProjectConfigurationPlatforms) = postSolution
		{41FAADEF-8C1F-43CF-90C2-9771D44EFEA6}.Debug|Any CPU.ActiveCfg = Debug|Any CPU
		{41FAADEF-8C1F-43CF-90C2-9771D44EFEA6}.Debug|Any CPU.Build.0 = Debug|Any CPU
		{41FAADEF-8C1F-43CF-90C2-9771D44EFEA6}.Release|Any CPU.ActiveCfg = Release|Any CPU
		{41FAADEF-8C1F-43CF-90C2-9771D44EFEA6}.Release|Any CPU.Build.0 = Release|Any CPU
	EndGlobalSection
	GlobalSection(SolutionProperties) = preSolution
		HideSolutionNode = FALSE
	EndGlobalSection
	GlobalSection(ExtensibilityGlobals) = postSolution
		SolutionGuid = {BCDD5D3D-2FE6-4FB2-A9D0-5846C7ED932D}
	EndGlobalSection
EndGlobal
